
Microsoft Visual Studio Solution File, Format Version 12.00
# Visual Studio 15
VisualStudioVersion = 15.0.28010.2048
MinimumVisualStudioVersion = 10.0.40219.1
Project("{9A19103F-16F7-4668-BE54-9A1E7A4F7556}") = "Host", "Host\Host.csproj", "{F6C5DC4D-C03C-4596-80B7-6C2D247C1ACA}"
EndProject
Project("{9A19103F-16F7-4668-BE54-9A1E7A4F7556}") = "Montr.Core.Tests", "Montr.Metadata.Tests\Montr.Core.Tests.csproj", "{CC8A49DD-417E-43CA-A1A5-245A3228F998}"
EndProject
Project("{9A19103F-16F7-4668-BE54-9A1E7A4F7556}") = "Idx", "Idx\Idx.csproj", "{2452B341-54A4-44AE-A10A-D71592B095D4}"
EndProject
Project("{9A19103F-16F7-4668-BE54-9A1E7A4F7556}") = "Tendr.Api.Tests", "Tendr.Api.Tests\Tendr.Api.Tests.csproj", "{EF211D05-1361-4E7C-B8F7-C22E466D21CD}"
EndProject
Project("{9A19103F-16F7-4668-BE54-9A1E7A4F7556}") = "Montr.Web", "Montr.Web\Montr.Web.csproj", "{F74B27B0-9F49-4B58-92E3-A7F0B591ED11}"
EndProject
Project("{9A19103F-16F7-4668-BE54-9A1E7A4F7556}") = "Montr.Data.Linq2Db", "Montr.Data.Linq2Db\Montr.Data.Linq2Db.csproj", "{CD4ABC46-9522-42B3-838D-106D4EE7B85C}"
EndProject
Project("{9A19103F-16F7-4668-BE54-9A1E7A4F7556}") = "Montr.Metadata", "Montr.Metadata\Montr.Metadata.csproj", "{B157C432-2DBD-4CED-B705-AD53045BCD43}"
EndProject
Project("{9A19103F-16F7-4668-BE54-9A1E7A4F7556}") = "Montr.Modularity", "Montr.Modularity\Montr.Modularity.csproj", "{3383FE45-D40B-41F1-8035-5D8EAFB9E171}"
EndProject
Project("{9A19103F-16F7-4668-BE54-9A1E7A4F7556}") = "Kompany", "Kompany\Kompany.csproj", "{550CE717-DBBA-40E4-8C64-8970E45EF255}"
EndProject
Project("{9A19103F-16F7-4668-BE54-9A1E7A4F7556}") = "Kompany.Implementation", "Kompany.Implementation\Kompany.Implementation.csproj", "{1827031F-65F4-48A3-A973-64E1B84143AD}"
EndProject
Project("{9A19103F-16F7-4668-BE54-9A1E7A4F7556}") = "Kompany.Tests", "Kompany.Tests\Kompany.Tests.csproj", "{71875110-B4AD-499E-829C-E3243F000BE5}"
EndProject
Project("{9A19103F-16F7-4668-BE54-9A1E7A4F7556}") = "Dokumento", "Dokumento\Dokumento.csproj", "{3E554A67-A136-4E19-866E-EF200690CF64}"
EndProject
Project("{9A19103F-16F7-4668-BE54-9A1E7A4F7556}") = "Dokumento.Implementation", "Dokumento.Implementation\Dokumento.Implementation.csproj", "{C49077CD-D40F-4062-99AA-C5E651DD5CF0}"
EndProject
Project("{9A19103F-16F7-4668-BE54-9A1E7A4F7556}") = "Montr.Core", "Montr.Core\Montr.Core.csproj", "{4E860925-DDA8-4EC9-868F-6CF729E4F3A0}"
EndProject
Project("{9A19103F-16F7-4668-BE54-9A1E7A4F7556}") = "Montr.Core.Implementation", "Montr.Core.Implementation\Montr.Core.Implementation.csproj", "{13244036-4111-4383-BF94-290DF5CD89D7}"
EndProject
Project("{9A19103F-16F7-4668-BE54-9A1E7A4F7556}") = "Montr.Data.Npgsql", "Montr.Data.Npgsql\Montr.Data.Npgsql.csproj", "{0675050C-E84F-46F0-81F1-A65D877C3E9C}"
EndProject
Project("{9A19103F-16F7-4668-BE54-9A1E7A4F7556}") = "Tendr", "Tendr\Tendr.csproj", "{00A38584-BD2A-4005-A1C1-AF2A1C33B920}"
EndProject
Project("{9A19103F-16F7-4668-BE54-9A1E7A4F7556}") = "Tendr.Implementation", "Tendr.Implementation\Tendr.Implementation.csproj", "{51471CF8-D228-4FC6-A212-262D12A6D0C2}"
EndProject
Project("{9A19103F-16F7-4668-BE54-9A1E7A4F7556}") = "Tendr.Tests", "Tendr.Tests\Tendr.Tests.csproj", "{B45F5B7E-2B89-43E0-BFCE-54085D1CA05F}"
EndProject
Global
	GlobalSection(SolutionConfigurationPlatforms) = preSolution
		Debug|Any CPU = Debug|Any CPU
		Release|Any CPU = Release|Any CPU
	EndGlobalSection
	GlobalSection(ProjectConfigurationPlatforms) = postSolution
		{F6C5DC4D-C03C-4596-80B7-6C2D247C1ACA}.Debug|Any CPU.ActiveCfg = Debug|Any CPU
		{F6C5DC4D-C03C-4596-80B7-6C2D247C1ACA}.Debug|Any CPU.Build.0 = Debug|Any CPU
		{F6C5DC4D-C03C-4596-80B7-6C2D247C1ACA}.Release|Any CPU.ActiveCfg = Release|Any CPU
		{F6C5DC4D-C03C-4596-80B7-6C2D247C1ACA}.Release|Any CPU.Build.0 = Release|Any CPU
		{CC8A49DD-417E-43CA-A1A5-245A3228F998}.Debug|Any CPU.ActiveCfg = Debug|Any CPU
		{CC8A49DD-417E-43CA-A1A5-245A3228F998}.Debug|Any CPU.Build.0 = Debug|Any CPU
		{CC8A49DD-417E-43CA-A1A5-245A3228F998}.Release|Any CPU.ActiveCfg = Release|Any CPU
		{CC8A49DD-417E-43CA-A1A5-245A3228F998}.Release|Any CPU.Build.0 = Release|Any CPU
		{2452B341-54A4-44AE-A10A-D71592B095D4}.Debug|Any CPU.ActiveCfg = Debug|Any CPU
		{2452B341-54A4-44AE-A10A-D71592B095D4}.Debug|Any CPU.Build.0 = Debug|Any CPU
		{2452B341-54A4-44AE-A10A-D71592B095D4}.Release|Any CPU.ActiveCfg = Release|Any CPU
		{2452B341-54A4-44AE-A10A-D71592B095D4}.Release|Any CPU.Build.0 = Release|Any CPU
		{EF211D05-1361-4E7C-B8F7-C22E466D21CD}.Debug|Any CPU.ActiveCfg = Debug|Any CPU
		{EF211D05-1361-4E7C-B8F7-C22E466D21CD}.Debug|Any CPU.Build.0 = Debug|Any CPU
		{EF211D05-1361-4E7C-B8F7-C22E466D21CD}.Release|Any CPU.ActiveCfg = Release|Any CPU
		{EF211D05-1361-4E7C-B8F7-C22E466D21CD}.Release|Any CPU.Build.0 = Release|Any CPU
		{F74B27B0-9F49-4B58-92E3-A7F0B591ED11}.Debug|Any CPU.ActiveCfg = Debug|Any CPU
		{F74B27B0-9F49-4B58-92E3-A7F0B591ED11}.Debug|Any CPU.Build.0 = Debug|Any CPU
		{F74B27B0-9F49-4B58-92E3-A7F0B591ED11}.Release|Any CPU.ActiveCfg = Release|Any CPU
		{F74B27B0-9F49-4B58-92E3-A7F0B591ED11}.Release|Any CPU.Build.0 = Release|Any CPU
		{CD4ABC46-9522-42B3-838D-106D4EE7B85C}.Debug|Any CPU.ActiveCfg = Debug|Any CPU
		{CD4ABC46-9522-42B3-838D-106D4EE7B85C}.Debug|Any CPU.Build.0 = Debug|Any CPU
		{CD4ABC46-9522-42B3-838D-106D4EE7B85C}.Release|Any CPU.ActiveCfg = Release|Any CPU
		{CD4ABC46-9522-42B3-838D-106D4EE7B85C}.Release|Any CPU.Build.0 = Release|Any CPU
		{B157C432-2DBD-4CED-B705-AD53045BCD43}.Debug|Any CPU.ActiveCfg = Debug|Any CPU
		{B157C432-2DBD-4CED-B705-AD53045BCD43}.Debug|Any CPU.Build.0 = Debug|Any CPU
		{B157C432-2DBD-4CED-B705-AD53045BCD43}.Release|Any CPU.ActiveCfg = Release|Any CPU
		{B157C432-2DBD-4CED-B705-AD53045BCD43}.Release|Any CPU.Build.0 = Release|Any CPU
		{3383FE45-D40B-41F1-8035-5D8EAFB9E171}.Debug|Any CPU.ActiveCfg = Debug|Any CPU
		{3383FE45-D40B-41F1-8035-5D8EAFB9E171}.Debug|Any CPU.Build.0 = Debug|Any CPU
		{3383FE45-D40B-41F1-8035-5D8EAFB9E171}.Release|Any CPU.ActiveCfg = Release|Any CPU
		{3383FE45-D40B-41F1-8035-5D8EAFB9E171}.Release|Any CPU.Build.0 = Release|Any CPU
		{550CE717-DBBA-40E4-8C64-8970E45EF255}.Debug|Any CPU.ActiveCfg = Debug|Any CPU
		{550CE717-DBBA-40E4-8C64-8970E45EF255}.Debug|Any CPU.Build.0 = Debug|Any CPU
		{550CE717-DBBA-40E4-8C64-8970E45EF255}.Release|Any CPU.ActiveCfg = Release|Any CPU
		{550CE717-DBBA-40E4-8C64-8970E45EF255}.Release|Any CPU.Build.0 = Release|Any CPU
		{1827031F-65F4-48A3-A973-64E1B84143AD}.Debug|Any CPU.ActiveCfg = Debug|Any CPU
		{1827031F-65F4-48A3-A973-64E1B84143AD}.Debug|Any CPU.Build.0 = Debug|Any CPU
		{1827031F-65F4-48A3-A973-64E1B84143AD}.Release|Any CPU.ActiveCfg = Release|Any CPU
		{1827031F-65F4-48A3-A973-64E1B84143AD}.Release|Any CPU.Build.0 = Release|Any CPU
		{71875110-B4AD-499E-829C-E3243F000BE5}.Debug|Any CPU.ActiveCfg = Debug|Any CPU
		{71875110-B4AD-499E-829C-E3243F000BE5}.Debug|Any CPU.Build.0 = Debug|Any CPU
		{71875110-B4AD-499E-829C-E3243F000BE5}.Release|Any CPU.ActiveCfg = Release|Any CPU
		{71875110-B4AD-499E-829C-E3243F000BE5}.Release|Any CPU.Build.0 = Release|Any CPU
		{3E554A67-A136-4E19-866E-EF200690CF64}.Debug|Any CPU.ActiveCfg = Debug|Any CPU
		{3E554A67-A136-4E19-866E-EF200690CF64}.Debug|Any CPU.Build.0 = Debug|Any CPU
		{3E554A67-A136-4E19-866E-EF200690CF64}.Release|Any CPU.ActiveCfg = Release|Any CPU
		{3E554A67-A136-4E19-866E-EF200690CF64}.Release|Any CPU.Build.0 = Release|Any CPU
		{C49077CD-D40F-4062-99AA-C5E651DD5CF0}.Debug|Any CPU.ActiveCfg = Debug|Any CPU
		{C49077CD-D40F-4062-99AA-C5E651DD5CF0}.Debug|Any CPU.Build.0 = Debug|Any CPU
		{C49077CD-D40F-4062-99AA-C5E651DD5CF0}.Release|Any CPU.ActiveCfg = Release|Any CPU
		{C49077CD-D40F-4062-99AA-C5E651DD5CF0}.Release|Any CPU.Build.0 = Release|Any CPU
		{4E860925-DDA8-4EC9-868F-6CF729E4F3A0}.Debug|Any CPU.ActiveCfg = Debug|Any CPU
		{4E860925-DDA8-4EC9-868F-6CF729E4F3A0}.Debug|Any CPU.Build.0 = Debug|Any CPU
		{4E860925-DDA8-4EC9-868F-6CF729E4F3A0}.Release|Any CPU.ActiveCfg = Release|Any CPU
		{4E860925-DDA8-4EC9-868F-6CF729E4F3A0}.Release|Any CPU.Build.0 = Release|Any CPU
		{13244036-4111-4383-BF94-290DF5CD89D7}.Debug|Any CPU.ActiveCfg = Debug|Any CPU
		{13244036-4111-4383-BF94-290DF5CD89D7}.Debug|Any CPU.Build.0 = Debug|Any CPU
		{13244036-4111-4383-BF94-290DF5CD89D7}.Release|Any CPU.ActiveCfg = Release|Any CPU
		{13244036-4111-4383-BF94-290DF5CD89D7}.Release|Any CPU.Build.0 = Release|Any CPU
		{0675050C-E84F-46F0-81F1-A65D877C3E9C}.Debug|Any CPU.ActiveCfg = Debug|Any CPU
		{0675050C-E84F-46F0-81F1-A65D877C3E9C}.Debug|Any CPU.Build.0 = Debug|Any CPU
		{0675050C-E84F-46F0-81F1-A65D877C3E9C}.Release|Any CPU.ActiveCfg = Release|Any CPU
		{0675050C-E84F-46F0-81F1-A65D877C3E9C}.Release|Any CPU.Build.0 = Release|Any CPU
		{00A38584-BD2A-4005-A1C1-AF2A1C33B920}.Debug|Any CPU.ActiveCfg = Debug|Any CPU
		{00A38584-BD2A-4005-A1C1-AF2A1C33B920}.Debug|Any CPU.Build.0 = Debug|Any CPU
		{00A38584-BD2A-4005-A1C1-AF2A1C33B920}.Release|Any CPU.ActiveCfg = Release|Any CPU
		{00A38584-BD2A-4005-A1C1-AF2A1C33B920}.Release|Any CPU.Build.0 = Release|Any CPU
		{51471CF8-D228-4FC6-A212-262D12A6D0C2}.Debug|Any CPU.ActiveCfg = Debug|Any CPU
		{51471CF8-D228-4FC6-A212-262D12A6D0C2}.Debug|Any CPU.Build.0 = Debug|Any CPU
		{51471CF8-D228-4FC6-A212-262D12A6D0C2}.Release|Any CPU.ActiveCfg = Release|Any CPU
		{51471CF8-D228-4FC6-A212-262D12A6D0C2}.Release|Any CPU.Build.0 = Release|Any CPU
		{B45F5B7E-2B89-43E0-BFCE-54085D1CA05F}.Debug|Any CPU.ActiveCfg = Debug|Any CPU
		{B45F5B7E-2B89-43E0-BFCE-54085D1CA05F}.Debug|Any CPU.Build.0 = Debug|Any CPU
		{B45F5B7E-2B89-43E0-BFCE-54085D1CA05F}.Release|Any CPU.ActiveCfg = Release|Any CPU
		{B45F5B7E-2B89-43E0-BFCE-54085D1CA05F}.Release|Any CPU.Build.0 = Release|Any CPU
	EndGlobalSection
	GlobalSection(SolutionProperties) = preSolution
		HideSolutionNode = FALSE
	EndGlobalSection
	GlobalSection(ExtensibilityGlobals) = postSolution
		SolutionGuid = {05F383D3-687C-4848-8B63-5CF07216BB53}
	EndGlobalSection
EndGlobal
